
Microsoft Visual Studio Solution File, Format Version 12.00
# Visual Studio Version 16
VisualStudioVersion = 16.0.30804.86
MinimumVisualStudioVersion = 10.0.40219.1
Project("{9A19103F-16F7-4668-BE54-9A1E7A4F7556}") = "owncloudsharp.Core", "owncloudsharp.Core\owncloudsharp.Core.csproj", "{7031C0C1-7E41-42EA-89F1-3F1C733990E9}"
EndProject
Project("{FAE04EC0-301F-11D3-BF4B-00C04F79EFBC}") = "owncloudsharp.Core.Test", "owncloudsharp.Core.Test\owncloudsharp.Core.Test.csproj", "{F4EBEE5F-3E5A-4E75-94A1-B82D50BD1815}"
EndProject
Global
	GlobalSection(SolutionConfigurationPlatforms) = preSolution
		Debug|Any CPU = Debug|Any CPU
		Release|Any CPU = Release|Any CPU
	EndGlobalSection
	GlobalSection(ProjectConfigurationPlatforms) = postSolution
		{7031C0C1-7E41-42EA-89F1-3F1C733990E9}.Debug|Any CPU.ActiveCfg = Debug|Any CPU
		{7031C0C1-7E41-42EA-89F1-3F1C733990E9}.Debug|Any CPU.Build.0 = Debug|Any CPU
		{7031C0C1-7E41-42EA-89F1-3F1C733990E9}.Release|Any CPU.ActiveCfg = Release|Any CPU
		{7031C0C1-7E41-42EA-89F1-3F1C733990E9}.Release|Any CPU.Build.0 = Release|Any CPU
		{F4EBEE5F-3E5A-4E75-94A1-B82D50BD1815}.Debug|Any CPU.ActiveCfg = Debug|Any CPU
		{F4EBEE5F-3E5A-4E75-94A1-B82D50BD1815}.Debug|Any CPU.Build.0 = Debug|Any CPU
		{F4EBEE5F-3E5A-4E75-94A1-B82D50BD1815}.Release|Any CPU.ActiveCfg = Release|Any CPU
		{F4EBEE5F-3E5A-4E75-94A1-B82D50BD1815}.Release|Any CPU.Build.0 = Release|Any CPU
	EndGlobalSection
	GlobalSection(SolutionProperties) = preSolution
		HideSolutionNode = FALSE
	EndGlobalSection
	GlobalSection(ExtensibilityGlobals) = postSolution
		SolutionGuid = {4057A55B-6053-4EFA-83F4-FD428D68CA43}
	EndGlobalSection
EndGlobal
